// !$*UTF8*$!
{
	archiveVersion = 1;
	classes = {
	};
	objectVersion = 56;
	objects = {

/* Begin PBXBuildFile section */
		1C452ED52AF2BAF2001F696B /* PauseGameView.swift in Sources */ = {isa = PBXBuildFile; fileRef = 1C452ED42AF2BAF2001F696B /* PauseGameView.swift */; };
		1C452ED72AF2BB07001F696B /* GameOverView.swift in Sources */ = {isa = PBXBuildFile; fileRef = 1C452ED62AF2BB07001F696B /* GameOverView.swift */; };
		1C452ED92AF2C3BD001F696B /* GSSetupPauseButton.swift in Sources */ = {isa = PBXBuildFile; fileRef = 1C452ED82AF2C3BD001F696B /* GSSetupPauseButton.swift */; };
		1C6B5C062AFAA3AA00F66A5E /* GSSpawnEnemy.swift in Sources */ = {isa = PBXBuildFile; fileRef = 1C6B5C052AFAA3AA00F66A5E /* GSSpawnEnemy.swift */; };
		6806C3E12AEAF70D00EDED8E /* MatchManager.swift in Sources */ = {isa = PBXBuildFile; fileRef = 6806C3E02AEAF70D00EDED8E /* MatchManager.swift */; };
		6806C3E32AEAF84900EDED8E /* MatchManager+Extensions.swift in Sources */ = {isa = PBXBuildFile; fileRef = 6806C3E22AEAF84900EDED8E /* MatchManager+Extensions.swift */; };
		6806C3E62AEAF94300EDED8E /* PlayerAuthState.swift in Sources */ = {isa = PBXBuildFile; fileRef = 6806C3E52AEAF94300EDED8E /* PlayerAuthState.swift */; };
		6806C3E82AEB034C00EDED8E /* GameScene.swift in Sources */ = {isa = PBXBuildFile; fileRef = 6806C3E72AEB034C00EDED8E /* GameScene.swift */; };
		6806C3EC2AEB03EF00EDED8E /* Player.swift in Sources */ = {isa = PBXBuildFile; fileRef = 6806C3EB2AEB03EF00EDED8E /* Player.swift */; };
		685A59712AF58ECE0026A307 /* GSTouchesBegan.swift in Sources */ = {isa = PBXBuildFile; fileRef = 685A59702AF58ECE0026A307 /* GSTouchesBegan.swift */; };
		6869E8312AFD451A0017C8F1 /* GSSpawnFallingRock.swift in Sources */ = {isa = PBXBuildFile; fileRef = 6869E8302AFD451A0017C8F1 /* GSSpawnFallingRock.swift */; };
		68F190292AFD24E3005B5030 /* GSSetupGame.swift in Sources */ = {isa = PBXBuildFile; fileRef = 68F190282AFD24E3005B5030 /* GSSetupGame.swift */; };
		68F1902B2AFD2536005B5030 /* GSStartDate.swift in Sources */ = {isa = PBXBuildFile; fileRef = 68F1902A2AFD2536005B5030 /* GSStartDate.swift */; };
		68F1902D2AFD2671005B5030 /* GSSetupPlayers.swift in Sources */ = {isa = PBXBuildFile; fileRef = 68F1902C2AFD2671005B5030 /* GSSetupPlayers.swift */; };
		68F1902F2AFD26A0005B5030 /* GSSubscriptions.swift in Sources */ = {isa = PBXBuildFile; fileRef = 68F1902E2AFD26A0005B5030 /* GSSubscriptions.swift */; };
		68F190312AFD270A005B5030 /* GSGameState.swift in Sources */ = {isa = PBXBuildFile; fileRef = 68F190302AFD270A005B5030 /* GSGameState.swift */; };
		68F190332AFD2758005B5030 /* GSNotifications.swift in Sources */ = {isa = PBXBuildFile; fileRef = 68F190322AFD2758005B5030 /* GSNotifications.swift */; };
		68F190352AFD27CA005B5030 /* GSDataSharing.swift in Sources */ = {isa = PBXBuildFile; fileRef = 68F190342AFD27CA005B5030 /* GSDataSharing.swift */; };
		68F190372AFD2A9F005B5030 /* GSMovements.swift in Sources */ = {isa = PBXBuildFile; fileRef = 68F190362AFD2A9F005B5030 /* GSMovements.swift */; };
		E7C558072AF5A82200F07740 /* GSSetupCharacter.swift in Sources */ = {isa = PBXBuildFile; fileRef = E7C558062AF5A82200F07740 /* GSSetupCharacter.swift */; };
		E7C558092AF92A2B00F07740 /* GSSetupFloor.swift in Sources */ = {isa = PBXBuildFile; fileRef = E7C558082AF92A2B00F07740 /* GSSetupFloor.swift */; };
		E7C5580B2AF92EEA00F07740 /* GSSetupCommands.swift in Sources */ = {isa = PBXBuildFile; fileRef = E7C5580A2AF92EEA00F07740 /* GSSetupCommands.swift */; };
		E7C5580D2AF93B4700F07740 /* GSGKMatchDelegate.swift in Sources */ = {isa = PBXBuildFile; fileRef = E7C5580C2AF93B4700F07740 /* GSGKMatchDelegate.swift */; };
		E7C5580F2AFC5D6900F07740 /* GSSetupBackground.swift in Sources */ = {isa = PBXBuildFile; fileRef = E7C5580E2AFC5D6900F07740 /* GSSetupBackground.swift */; };
		E7C558112AFC603C00F07740 /* GSSetupTimer.swift in Sources */ = {isa = PBXBuildFile; fileRef = E7C558102AFC603C00F07740 /* GSSetupTimer.swift */; };
		E7D119372ADE077C00ECA9BE /* PsiquesAndMoreApp.swift in Sources */ = {isa = PBXBuildFile; fileRef = E7D119362ADE077C00ECA9BE /* PsiquesAndMoreApp.swift */; };
		E7D1193B2ADE077E00ECA9BE /* Assets.xcassets in Resources */ = {isa = PBXBuildFile; fileRef = E7D1193A2ADE077E00ECA9BE /* Assets.xcassets */; };
		E7D1193E2ADE077E00ECA9BE /* Preview Assets.xcassets in Resources */ = {isa = PBXBuildFile; fileRef = E7D1193D2ADE077E00ECA9BE /* Preview Assets.xcassets */; };
		E7D119622AE9E62600ECA9BE /* FirstView.swift in Sources */ = {isa = PBXBuildFile; fileRef = E7D119612AE9E62600ECA9BE /* FirstView.swift */; };
		E7D119662AE9E6D400ECA9BE /* NotificationCenter+Extensions.swift in Sources */ = {isa = PBXBuildFile; fileRef = E7D119652AE9E6D400ECA9BE /* NotificationCenter+Extensions.swift */; };
		E7D119682AE9E8E100ECA9BE /* OldGameScene.swift in Sources */ = {isa = PBXBuildFile; fileRef = E7D119672AE9E8E100ECA9BE /* OldGameScene.swift */; };
		E7D1196C2AE9EB7700ECA9BE /* InstructionsView.swift in Sources */ = {isa = PBXBuildFile; fileRef = E7D1196B2AE9EB7700ECA9BE /* InstructionsView.swift */; };
		E7D1196E2AE9EB8400ECA9BE /* CreditsView.swift in Sources */ = {isa = PBXBuildFile; fileRef = E7D1196D2AE9EB8400ECA9BE /* CreditsView.swift */; };
		E7D119712AE9EE8100ECA9BE /* SplashView.swift in Sources */ = {isa = PBXBuildFile; fileRef = E7D119702AE9EE8100ECA9BE /* SplashView.swift */; };
/* End PBXBuildFile section */

/* Begin PBXFileReference section */
		1C452ED42AF2BAF2001F696B /* PauseGameView.swift */ = {isa = PBXFileReference; lastKnownFileType = sourcecode.swift; path = PauseGameView.swift; sourceTree = "<group>"; };
		1C452ED62AF2BB07001F696B /* GameOverView.swift */ = {isa = PBXFileReference; lastKnownFileType = sourcecode.swift; path = GameOverView.swift; sourceTree = "<group>"; };
		1C452ED82AF2C3BD001F696B /* GSSetupPauseButton.swift */ = {isa = PBXFileReference; lastKnownFileType = sourcecode.swift; path = GSSetupPauseButton.swift; sourceTree = "<group>"; };
		1C6B5C052AFAA3AA00F66A5E /* GSSpawnEnemy.swift */ = {isa = PBXFileReference; lastKnownFileType = sourcecode.swift; path = GSSpawnEnemy.swift; sourceTree = "<group>"; };
		6806C3E02AEAF70D00EDED8E /* MatchManager.swift */ = {isa = PBXFileReference; lastKnownFileType = sourcecode.swift; path = MatchManager.swift; sourceTree = "<group>"; };
		6806C3E22AEAF84900EDED8E /* MatchManager+Extensions.swift */ = {isa = PBXFileReference; lastKnownFileType = sourcecode.swift; path = "MatchManager+Extensions.swift"; sourceTree = "<group>"; };
		6806C3E52AEAF94300EDED8E /* PlayerAuthState.swift */ = {isa = PBXFileReference; lastKnownFileType = sourcecode.swift; path = PlayerAuthState.swift; sourceTree = "<group>"; };
		6806C3E72AEB034C00EDED8E /* GameScene.swift */ = {isa = PBXFileReference; lastKnownFileType = sourcecode.swift; path = GameScene.swift; sourceTree = "<group>"; };
		6806C3EB2AEB03EF00EDED8E /* Player.swift */ = {isa = PBXFileReference; lastKnownFileType = sourcecode.swift; path = Player.swift; sourceTree = "<group>"; };
		6806C3ED2AEB08F000EDED8E /* PsiquesAndMore.entitlements */ = {isa = PBXFileReference; lastKnownFileType = text.plist.entitlements; path = PsiquesAndMore.entitlements; sourceTree = "<group>"; };
		685A59702AF58ECE0026A307 /* GSTouchesBegan.swift */ = {isa = PBXFileReference; lastKnownFileType = sourcecode.swift; path = GSTouchesBegan.swift; sourceTree = "<group>"; };
		6869E8302AFD451A0017C8F1 /* GSSpawnFallingRock.swift */ = {isa = PBXFileReference; lastKnownFileType = sourcecode.swift; path = GSSpawnFallingRock.swift; sourceTree = "<group>"; };
		68F190282AFD24E3005B5030 /* GSSetupGame.swift */ = {isa = PBXFileReference; lastKnownFileType = sourcecode.swift; path = GSSetupGame.swift; sourceTree = "<group>"; };
		68F1902A2AFD2536005B5030 /* GSStartDate.swift */ = {isa = PBXFileReference; lastKnownFileType = sourcecode.swift; path = GSStartDate.swift; sourceTree = "<group>"; };
		68F1902C2AFD2671005B5030 /* GSSetupPlayers.swift */ = {isa = PBXFileReference; lastKnownFileType = sourcecode.swift; path = GSSetupPlayers.swift; sourceTree = "<group>"; };
		68F1902E2AFD26A0005B5030 /* GSSubscriptions.swift */ = {isa = PBXFileReference; lastKnownFileType = sourcecode.swift; path = GSSubscriptions.swift; sourceTree = "<group>"; };
		68F190302AFD270A005B5030 /* GSGameState.swift */ = {isa = PBXFileReference; lastKnownFileType = sourcecode.swift; path = GSGameState.swift; sourceTree = "<group>"; };
		68F190322AFD2758005B5030 /* GSNotifications.swift */ = {isa = PBXFileReference; lastKnownFileType = sourcecode.swift; path = GSNotifications.swift; sourceTree = "<group>"; };
		68F190342AFD27CA005B5030 /* GSDataSharing.swift */ = {isa = PBXFileReference; lastKnownFileType = sourcecode.swift; path = GSDataSharing.swift; sourceTree = "<group>"; };
		68F190362AFD2A9F005B5030 /* GSMovements.swift */ = {isa = PBXFileReference; lastKnownFileType = sourcecode.swift; path = GSMovements.swift; sourceTree = "<group>"; };
		E752F4C52AEC305600AC7DB2 /* Info.plist */ = {isa = PBXFileReference; lastKnownFileType = text.plist; path = Info.plist; sourceTree = "<group>"; };
		E7C558062AF5A82200F07740 /* GSSetupCharacter.swift */ = {isa = PBXFileReference; lastKnownFileType = sourcecode.swift; path = GSSetupCharacter.swift; sourceTree = "<group>"; };
		E7C558082AF92A2B00F07740 /* GSSetupFloor.swift */ = {isa = PBXFileReference; lastKnownFileType = sourcecode.swift; path = GSSetupFloor.swift; sourceTree = "<group>"; };
		E7C5580A2AF92EEA00F07740 /* GSSetupCommands.swift */ = {isa = PBXFileReference; lastKnownFileType = sourcecode.swift; path = GSSetupCommands.swift; sourceTree = "<group>"; };
		E7C5580C2AF93B4700F07740 /* GSGKMatchDelegate.swift */ = {isa = PBXFileReference; lastKnownFileType = sourcecode.swift; path = GSGKMatchDelegate.swift; sourceTree = "<group>"; };
		E7C5580E2AFC5D6900F07740 /* GSSetupBackground.swift */ = {isa = PBXFileReference; lastKnownFileType = sourcecode.swift; path = GSSetupBackground.swift; sourceTree = "<group>"; };
		E7C558102AFC603C00F07740 /* GSSetupTimer.swift */ = {isa = PBXFileReference; lastKnownFileType = sourcecode.swift; path = GSSetupTimer.swift; sourceTree = "<group>"; };
		E7D119332ADE077C00ECA9BE /* PsiquesAndMore.app */ = {isa = PBXFileReference; explicitFileType = wrapper.application; includeInIndex = 0; path = PsiquesAndMore.app; sourceTree = BUILT_PRODUCTS_DIR; };
		E7D119362ADE077C00ECA9BE /* PsiquesAndMoreApp.swift */ = {isa = PBXFileReference; lastKnownFileType = sourcecode.swift; path = PsiquesAndMoreApp.swift; sourceTree = "<group>"; };
		E7D1193A2ADE077E00ECA9BE /* Assets.xcassets */ = {isa = PBXFileReference; lastKnownFileType = folder.assetcatalog; path = Assets.xcassets; sourceTree = "<group>"; };
		E7D1193D2ADE077E00ECA9BE /* Preview Assets.xcassets */ = {isa = PBXFileReference; lastKnownFileType = folder.assetcatalog; path = "Preview Assets.xcassets"; sourceTree = "<group>"; };
		E7D119612AE9E62600ECA9BE /* FirstView.swift */ = {isa = PBXFileReference; lastKnownFileType = sourcecode.swift; path = FirstView.swift; sourceTree = "<group>"; };
		E7D119652AE9E6D400ECA9BE /* NotificationCenter+Extensions.swift */ = {isa = PBXFileReference; lastKnownFileType = sourcecode.swift; path = "NotificationCenter+Extensions.swift"; sourceTree = "<group>"; };
		E7D119672AE9E8E100ECA9BE /* OldGameScene.swift */ = {isa = PBXFileReference; lastKnownFileType = sourcecode.swift; path = OldGameScene.swift; sourceTree = "<group>"; };
		E7D1196B2AE9EB7700ECA9BE /* InstructionsView.swift */ = {isa = PBXFileReference; lastKnownFileType = sourcecode.swift; path = InstructionsView.swift; sourceTree = "<group>"; };
		E7D1196D2AE9EB8400ECA9BE /* CreditsView.swift */ = {isa = PBXFileReference; lastKnownFileType = sourcecode.swift; path = CreditsView.swift; sourceTree = "<group>"; };
		E7D119702AE9EE8100ECA9BE /* SplashView.swift */ = {isa = PBXFileReference; lastKnownFileType = sourcecode.swift; path = SplashView.swift; sourceTree = "<group>"; };
/* End PBXFileReference section */

/* Begin PBXFrameworksBuildPhase section */
		E7D119302ADE077C00ECA9BE /* Frameworks */ = {
			isa = PBXFrameworksBuildPhase;
			buildActionMask = 2147483647;
			files = (
			);
			runOnlyForDeploymentPostprocessing = 0;
		};
/* End PBXFrameworksBuildPhase section */

/* Begin PBXGroup section */
		6806C3DF2AEAF6F900EDED8E /* New Group */ = {
			isa = PBXGroup;
			children = (
				6806C3E02AEAF70D00EDED8E /* MatchManager.swift */,
			);
			path = "New Group";
			sourceTree = "<group>";
		};
		6806C3E42AEAF92E00EDED8E /* Misc */ = {
			isa = PBXGroup;
			children = (
				6806C3E52AEAF94300EDED8E /* PlayerAuthState.swift */,
			);
			path = Misc;
			sourceTree = "<group>";
		};
		685A59722AF58F170026A307 /* GSExtensions */ = {
			isa = PBXGroup;
			children = (
				6869E82F2AFD44790017C8F1 /* GSSetup */,
				68F190302AFD270A005B5030 /* GSGameState.swift */,
				68F190362AFD2A9F005B5030 /* GSMovements.swift */,
				68F1902A2AFD2536005B5030 /* GSStartDate.swift */,
				1C6B5C052AFAA3AA00F66A5E /* GSSpawnEnemy.swift */,
				6869E8302AFD451A0017C8F1 /* GSSpawnFallingRock.swift */,
				68F1902E2AFD26A0005B5030 /* GSSubscriptions.swift */,
				68F190322AFD2758005B5030 /* GSNotifications.swift */,
				68F190342AFD27CA005B5030 /* GSDataSharing.swift */,
				685A59702AF58ECE0026A307 /* GSTouchesBegan.swift */,
				E7C5580C2AF93B4700F07740 /* GSGKMatchDelegate.swift */,
			);
			path = GSExtensions;
			sourceTree = "<group>";
		};
		6869E82F2AFD44790017C8F1 /* GSSetup */ = {
			isa = PBXGroup;
			children = (
				68F190282AFD24E3005B5030 /* GSSetupGame.swift */,
				68F1902C2AFD2671005B5030 /* GSSetupPlayers.swift */,
				1C452ED82AF2C3BD001F696B /* GSSetupPauseButton.swift */,
				E7C558062AF5A82200F07740 /* GSSetupCharacter.swift */,
				E7C558082AF92A2B00F07740 /* GSSetupFloor.swift */,
				E7C5580E2AFC5D6900F07740 /* GSSetupBackground.swift */,
				E7C5580A2AF92EEA00F07740 /* GSSetupCommands.swift */,
				E7C558102AFC603C00F07740 /* GSSetupTimer.swift */,
			);
			path = GSSetup;
			sourceTree = "<group>";
		};
		E7D1192A2ADE077C00ECA9BE = {
			isa = PBXGroup;
			children = (
				E7D119352ADE077C00ECA9BE /* PsiquesAndMore */,
				E7D119342ADE077C00ECA9BE /* Products */,
			);
			sourceTree = "<group>";
		};
		E7D119342ADE077C00ECA9BE /* Products */ = {
			isa = PBXGroup;
			children = (
				E7D119332ADE077C00ECA9BE /* PsiquesAndMore.app */,
			);
			name = Products;
			sourceTree = "<group>";
		};
		E7D119352ADE077C00ECA9BE /* PsiquesAndMore */ = {
			isa = PBXGroup;
			children = (
				E752F4C52AEC305600AC7DB2 /* Info.plist */,
				6806C3ED2AEB08F000EDED8E /* PsiquesAndMore.entitlements */,
				6806C3E42AEAF92E00EDED8E /* Misc */,
				6806C3DF2AEAF6F900EDED8E /* New Group */,
				E7D1196F2AE9EE5900ECA9BE /* Splash */,
				E7D1196A2AE9E90800ECA9BE /* App */,
				E7D119692AE9E8F500ECA9BE /* Game */,
				E7D119642AE9E6AA00ECA9BE /* Extensions */,
				E7D119602AE9E60300ECA9BE /* View */,
				E7D1193A2ADE077E00ECA9BE /* Assets.xcassets */,
				E7D1193C2ADE077E00ECA9BE /* Preview Content */,
			);
			path = PsiquesAndMore;
			sourceTree = "<group>";
		};
		E7D1193C2ADE077E00ECA9BE /* Preview Content */ = {
			isa = PBXGroup;
			children = (
				E7D1193D2ADE077E00ECA9BE /* Preview Assets.xcassets */,
			);
			path = "Preview Content";
			sourceTree = "<group>";
		};
		E7D119602AE9E60300ECA9BE /* View */ = {
			isa = PBXGroup;
			children = (
				E7D119612AE9E62600ECA9BE /* FirstView.swift */,
				E7D1196B2AE9EB7700ECA9BE /* InstructionsView.swift */,
				E7D1196D2AE9EB8400ECA9BE /* CreditsView.swift */,
				1C452ED62AF2BB07001F696B /* GameOverView.swift */,
				1C452ED42AF2BAF2001F696B /* PauseGameView.swift */,
			);
			path = View;
			sourceTree = "<group>";
		};
		E7D119642AE9E6AA00ECA9BE /* Extensions */ = {
			isa = PBXGroup;
			children = (
				E7D119652AE9E6D400ECA9BE /* NotificationCenter+Extensions.swift */,
				6806C3E22AEAF84900EDED8E /* MatchManager+Extensions.swift */,
			);
			path = Extensions;
			sourceTree = "<group>";
		};
		E7D119692AE9E8F500ECA9BE /* Game */ = {
			isa = PBXGroup;
			children = (
				685A59722AF58F170026A307 /* GSExtensions */,
				E7D119672AE9E8E100ECA9BE /* OldGameScene.swift */,
				6806C3E72AEB034C00EDED8E /* GameScene.swift */,
				6806C3EB2AEB03EF00EDED8E /* Player.swift */,
			);
			path = Game;
			sourceTree = "<group>";
		};
		E7D1196A2AE9E90800ECA9BE /* App */ = {
			isa = PBXGroup;
			children = (
				E7D119362ADE077C00ECA9BE /* PsiquesAndMoreApp.swift */,
			);
			path = App;
			sourceTree = "<group>";
		};
		E7D1196F2AE9EE5900ECA9BE /* Splash */ = {
			isa = PBXGroup;
			children = (
				E7D119702AE9EE8100ECA9BE /* SplashView.swift */,
			);
			path = Splash;
			sourceTree = "<group>";
		};
/* End PBXGroup section */

/* Begin PBXNativeTarget section */
		E7D119322ADE077C00ECA9BE /* PsiquesAndMore */ = {
			isa = PBXNativeTarget;
			buildConfigurationList = E7D119412ADE077E00ECA9BE /* Build configuration list for PBXNativeTarget "PsiquesAndMore" */;
			buildPhases = (
				E7D1192F2ADE077C00ECA9BE /* Sources */,
				E7D119302ADE077C00ECA9BE /* Frameworks */,
				E7D119312ADE077C00ECA9BE /* Resources */,
			);
			buildRules = (
			);
			dependencies = (
			);
			name = PsiquesAndMore;
			productName = PsiquesAndMore;
			productReference = E7D119332ADE077C00ECA9BE /* PsiquesAndMore.app */;
			productType = "com.apple.product-type.application";
		};
/* End PBXNativeTarget section */

/* Begin PBXProject section */
		E7D1192B2ADE077C00ECA9BE /* Project object */ = {
			isa = PBXProject;
			attributes = {
				BuildIndependentTargetsInParallel = 1;
				LastSwiftUpdateCheck = 1430;
				LastUpgradeCheck = 1430;
				TargetAttributes = {
					E7D119322ADE077C00ECA9BE = {
						CreatedOnToolsVersion = 14.3.1;
					};
				};
			};
			buildConfigurationList = E7D1192E2ADE077C00ECA9BE /* Build configuration list for PBXProject "PsiquesAndMore" */;
			compatibilityVersion = "Xcode 14.0";
			developmentRegion = en;
			hasScannedForEncodings = 0;
			knownRegions = (
				en,
				Base,
			);
			mainGroup = E7D1192A2ADE077C00ECA9BE;
			productRefGroup = E7D119342ADE077C00ECA9BE /* Products */;
			projectDirPath = "";
			projectRoot = "";
			targets = (
				E7D119322ADE077C00ECA9BE /* PsiquesAndMore */,
			);
		};
/* End PBXProject section */

/* Begin PBXResourcesBuildPhase section */
		E7D119312ADE077C00ECA9BE /* Resources */ = {
			isa = PBXResourcesBuildPhase;
			buildActionMask = 2147483647;
			files = (
				E7D1193E2ADE077E00ECA9BE /* Preview Assets.xcassets in Resources */,
				E7D1193B2ADE077E00ECA9BE /* Assets.xcassets in Resources */,
			);
			runOnlyForDeploymentPostprocessing = 0;
		};
/* End PBXResourcesBuildPhase section */

/* Begin PBXSourcesBuildPhase section */
		E7D1192F2ADE077C00ECA9BE /* Sources */ = {
			isa = PBXSourcesBuildPhase;
			buildActionMask = 2147483647;
			files = (
				68F1902B2AFD2536005B5030 /* GSStartDate.swift in Sources */,
				68F1902D2AFD2671005B5030 /* GSSetupPlayers.swift in Sources */,
				6869E8312AFD451A0017C8F1 /* GSSpawnFallingRock.swift in Sources */,
				E7D119662AE9E6D400ECA9BE /* NotificationCenter+Extensions.swift in Sources */,
				E7D1196C2AE9EB7700ECA9BE /* InstructionsView.swift in Sources */,
				68F190372AFD2A9F005B5030 /* GSMovements.swift in Sources */,
				685A59712AF58ECE0026A307 /* GSTouchesBegan.swift in Sources */,
				6806C3E62AEAF94300EDED8E /* PlayerAuthState.swift in Sources */,
				68F190332AFD2758005B5030 /* GSNotifications.swift in Sources */,
				68F1902F2AFD26A0005B5030 /* GSSubscriptions.swift in Sources */,
				E7D119622AE9E62600ECA9BE /* FirstView.swift in Sources */,
				E7D1196E2AE9EB8400ECA9BE /* CreditsView.swift in Sources */,
				1C452ED52AF2BAF2001F696B /* PauseGameView.swift in Sources */,
				68F190352AFD27CA005B5030 /* GSDataSharing.swift in Sources */,
				E7C558072AF5A82200F07740 /* GSSetupCharacter.swift in Sources */,
				6806C3EC2AEB03EF00EDED8E /* Player.swift in Sources */,
				1C452ED92AF2C3BD001F696B /* GSSetupPauseButton.swift in Sources */,
				6806C3E82AEB034C00EDED8E /* GameScene.swift in Sources */,
				E7D119682AE9E8E100ECA9BE /* OldGameScene.swift in Sources */,
				68F190312AFD270A005B5030 /* GSGameState.swift in Sources */,
				E7C5580F2AFC5D6900F07740 /* GSSetupBackground.swift in Sources */,
				1C452ED72AF2BB07001F696B /* GameOverView.swift in Sources */,
				68F190292AFD24E3005B5030 /* GSSetupGame.swift in Sources */,
				E7C5580D2AF93B4700F07740 /* GSGKMatchDelegate.swift in Sources */,
				6806C3E12AEAF70D00EDED8E /* MatchManager.swift in Sources */,
				E7C558112AFC603C00F07740 /* GSSetupTimer.swift in Sources */,
				1C6B5C062AFAA3AA00F66A5E /* GSSpawnEnemy.swift in Sources */,
				E7D119372ADE077C00ECA9BE /* PsiquesAndMoreApp.swift in Sources */,
				6806C3E32AEAF84900EDED8E /* MatchManager+Extensions.swift in Sources */,
				E7C5580B2AF92EEA00F07740 /* GSSetupCommands.swift in Sources */,
				E7D119712AE9EE8100ECA9BE /* SplashView.swift in Sources */,
				E7C558092AF92A2B00F07740 /* GSSetupFloor.swift in Sources */,
			);
			runOnlyForDeploymentPostprocessing = 0;
		};
/* End PBXSourcesBuildPhase section */

/* Begin XCBuildConfiguration section */
		E7D1193F2ADE077E00ECA9BE /* Debug */ = {
			isa = XCBuildConfiguration;
			buildSettings = {
				ALWAYS_SEARCH_USER_PATHS = NO;
				CLANG_ANALYZER_NONNULL = YES;
				CLANG_ANALYZER_NUMBER_OBJECT_CONVERSION = YES_AGGRESSIVE;
				CLANG_CXX_LANGUAGE_STANDARD = "gnu++20";
				CLANG_ENABLE_MODULES = YES;
				CLANG_ENABLE_OBJC_ARC = YES;
				CLANG_ENABLE_OBJC_WEAK = YES;
				CLANG_WARN_BLOCK_CAPTURE_AUTORELEASING = YES;
				CLANG_WARN_BOOL_CONVERSION = YES;
				CLANG_WARN_COMMA = YES;
				CLANG_WARN_CONSTANT_CONVERSION = YES;
				CLANG_WARN_DEPRECATED_OBJC_IMPLEMENTATIONS = YES;
				CLANG_WARN_DIRECT_OBJC_ISA_USAGE = YES_ERROR;
				CLANG_WARN_DOCUMENTATION_COMMENTS = YES;
				CLANG_WARN_EMPTY_BODY = YES;
				CLANG_WARN_ENUM_CONVERSION = YES;
				CLANG_WARN_INFINITE_RECURSION = YES;
				CLANG_WARN_INT_CONVERSION = YES;
				CLANG_WARN_NON_LITERAL_NULL_CONVERSION = YES;
				CLANG_WARN_OBJC_IMPLICIT_RETAIN_SELF = YES;
				CLANG_WARN_OBJC_LITERAL_CONVERSION = YES;
				CLANG_WARN_OBJC_ROOT_CLASS = YES_ERROR;
				CLANG_WARN_QUOTED_INCLUDE_IN_FRAMEWORK_HEADER = YES;
				CLANG_WARN_RANGE_LOOP_ANALYSIS = YES;
				CLANG_WARN_STRICT_PROTOTYPES = YES;
				CLANG_WARN_SUSPICIOUS_MOVE = YES;
				CLANG_WARN_UNGUARDED_AVAILABILITY = YES_AGGRESSIVE;
				CLANG_WARN_UNREACHABLE_CODE = YES;
				CLANG_WARN__DUPLICATE_METHOD_MATCH = YES;
				COPY_PHASE_STRIP = NO;
				DEBUG_INFORMATION_FORMAT = dwarf;
				ENABLE_STRICT_OBJC_MSGSEND = YES;
				ENABLE_TESTABILITY = YES;
				GCC_C_LANGUAGE_STANDARD = gnu11;
				GCC_DYNAMIC_NO_PIC = NO;
				GCC_NO_COMMON_BLOCKS = YES;
				GCC_OPTIMIZATION_LEVEL = 0;
				GCC_PREPROCESSOR_DEFINITIONS = (
					"DEBUG=1",
					"$(inherited)",
				);
				GCC_WARN_64_TO_32_BIT_CONVERSION = YES;
				GCC_WARN_ABOUT_RETURN_TYPE = YES_ERROR;
				GCC_WARN_UNDECLARED_SELECTOR = YES;
				GCC_WARN_UNINITIALIZED_AUTOS = YES_AGGRESSIVE;
				GCC_WARN_UNUSED_FUNCTION = YES;
				GCC_WARN_UNUSED_VARIABLE = YES;
				IPHONEOS_DEPLOYMENT_TARGET = 16.4;
				MTL_ENABLE_DEBUG_INFO = INCLUDE_SOURCE;
				MTL_FAST_MATH = YES;
				ONLY_ACTIVE_ARCH = YES;
				SDKROOT = iphoneos;
				SWIFT_ACTIVE_COMPILATION_CONDITIONS = DEBUG;
				SWIFT_OPTIMIZATION_LEVEL = "-Onone";
			};
			name = Debug;
		};
		E7D119402ADE077E00ECA9BE /* Release */ = {
			isa = XCBuildConfiguration;
			buildSettings = {
				ALWAYS_SEARCH_USER_PATHS = NO;
				CLANG_ANALYZER_NONNULL = YES;
				CLANG_ANALYZER_NUMBER_OBJECT_CONVERSION = YES_AGGRESSIVE;
				CLANG_CXX_LANGUAGE_STANDARD = "gnu++20";
				CLANG_ENABLE_MODULES = YES;
				CLANG_ENABLE_OBJC_ARC = YES;
				CLANG_ENABLE_OBJC_WEAK = YES;
				CLANG_WARN_BLOCK_CAPTURE_AUTORELEASING = YES;
				CLANG_WARN_BOOL_CONVERSION = YES;
				CLANG_WARN_COMMA = YES;
				CLANG_WARN_CONSTANT_CONVERSION = YES;
				CLANG_WARN_DEPRECATED_OBJC_IMPLEMENTATIONS = YES;
				CLANG_WARN_DIRECT_OBJC_ISA_USAGE = YES_ERROR;
				CLANG_WARN_DOCUMENTATION_COMMENTS = YES;
				CLANG_WARN_EMPTY_BODY = YES;
				CLANG_WARN_ENUM_CONVERSION = YES;
				CLANG_WARN_INFINITE_RECURSION = YES;
				CLANG_WARN_INT_CONVERSION = YES;
				CLANG_WARN_NON_LITERAL_NULL_CONVERSION = YES;
				CLANG_WARN_OBJC_IMPLICIT_RETAIN_SELF = YES;
				CLANG_WARN_OBJC_LITERAL_CONVERSION = YES;
				CLANG_WARN_OBJC_ROOT_CLASS = YES_ERROR;
				CLANG_WARN_QUOTED_INCLUDE_IN_FRAMEWORK_HEADER = YES;
				CLANG_WARN_RANGE_LOOP_ANALYSIS = YES;
				CLANG_WARN_STRICT_PROTOTYPES = YES;
				CLANG_WARN_SUSPICIOUS_MOVE = YES;
				CLANG_WARN_UNGUARDED_AVAILABILITY = YES_AGGRESSIVE;
				CLANG_WARN_UNREACHABLE_CODE = YES;
				CLANG_WARN__DUPLICATE_METHOD_MATCH = YES;
				COPY_PHASE_STRIP = NO;
				DEBUG_INFORMATION_FORMAT = "dwarf-with-dsym";
				ENABLE_NS_ASSERTIONS = NO;
				ENABLE_STRICT_OBJC_MSGSEND = YES;
				GCC_C_LANGUAGE_STANDARD = gnu11;
				GCC_NO_COMMON_BLOCKS = YES;
				GCC_WARN_64_TO_32_BIT_CONVERSION = YES;
				GCC_WARN_ABOUT_RETURN_TYPE = YES_ERROR;
				GCC_WARN_UNDECLARED_SELECTOR = YES;
				GCC_WARN_UNINITIALIZED_AUTOS = YES_AGGRESSIVE;
				GCC_WARN_UNUSED_FUNCTION = YES;
				GCC_WARN_UNUSED_VARIABLE = YES;
				IPHONEOS_DEPLOYMENT_TARGET = 16.4;
				MTL_ENABLE_DEBUG_INFO = NO;
				MTL_FAST_MATH = YES;
				SDKROOT = iphoneos;
				SWIFT_COMPILATION_MODE = wholemodule;
				SWIFT_OPTIMIZATION_LEVEL = "-O";
				VALIDATE_PRODUCT = YES;
			};
			name = Release;
		};
		E7D119422ADE077E00ECA9BE /* Debug */ = {
			isa = XCBuildConfiguration;
			buildSettings = {
				ASSETCATALOG_COMPILER_APPICON_NAME = AppIcon;
				ASSETCATALOG_COMPILER_GLOBAL_ACCENT_COLOR_NAME = AccentColor;
				CODE_SIGN_ENTITLEMENTS = PsiquesAndMore/PsiquesAndMore.entitlements;
				CODE_SIGN_IDENTITY = "Apple Development";
				"CODE_SIGN_IDENTITY[sdk=iphoneos*]" = "iPhone Developer";
				CODE_SIGN_STYLE = Manual;
				CURRENT_PROJECT_VERSION = 1;
				DEVELOPMENT_ASSET_PATHS = "\"PsiquesAndMore/Preview Content\"";
				DEVELOPMENT_TEAM = "";
				"DEVELOPMENT_TEAM[sdk=iphoneos*]" = N7QW85QF8V;
				ENABLE_PREVIEWS = YES;
				GENERATE_INFOPLIST_FILE = YES;
				INFOPLIST_FILE = PsiquesAndMore/Info.plist;
				INFOPLIST_KEY_UIApplicationSceneManifest_Generation = YES;
				INFOPLIST_KEY_UIApplicationSupportsIndirectInputEvents = YES;
				INFOPLIST_KEY_UILaunchScreen_Generation = YES;
				INFOPLIST_KEY_UISupportedInterfaceOrientations = "UIInterfaceOrientationLandscapeLeft UIInterfaceOrientationLandscapeRight";
				INFOPLIST_KEY_UISupportedInterfaceOrientations_iPad = "UIInterfaceOrientationLandscapeLeft UIInterfaceOrientationLandscapeRight UIInterfaceOrientationPortrait UIInterfaceOrientationPortraitUpsideDown";
				LD_RUNPATH_SEARCH_PATHS = (
					"$(inherited)",
					"@executable_path/Frameworks",
				);
				MARKETING_VERSION = 1.0;
				PRODUCT_BUNDLE_IDENTIFIER = Alslemos.PsiquesAndMore;
				PRODUCT_NAME = "$(TARGET_NAME)";
				PROVISIONING_PROFILE_SPECIFIER = "";
				"PROVISIONING_PROFILE_SPECIFIER[sdk=iphoneos*]" = PsiquesAndMoreProfile;
				SUPPORTED_PLATFORMS = "iphoneos iphonesimulator";
				SUPPORTS_MACCATALYST = NO;
				SUPPORTS_MAC_DESIGNED_FOR_IPHONE_IPAD = NO;
				SWIFT_EMIT_LOC_STRINGS = YES;
				SWIFT_VERSION = 5.0;
				TARGETED_DEVICE_FAMILY = "1,2";
			};
			name = Debug;
		};
		E7D119432ADE077E00ECA9BE /* Release */ = {
			isa = XCBuildConfiguration;
			buildSettings = {
				ASSETCATALOG_COMPILER_APPICON_NAME = AppIcon;
				ASSETCATALOG_COMPILER_GLOBAL_ACCENT_COLOR_NAME = AccentColor;
				CODE_SIGN_ENTITLEMENTS = PsiquesAndMore/PsiquesAndMore.entitlements;
				CODE_SIGN_IDENTITY = "Apple Development";
				"CODE_SIGN_IDENTITY[sdk=iphoneos*]" = "iPhone Developer";
				CODE_SIGN_STYLE = Manual;
				CURRENT_PROJECT_VERSION = 1;
				DEVELOPMENT_ASSET_PATHS = "\"PsiquesAndMore/Preview Content\"";
				DEVELOPMENT_TEAM = "";
				"DEVELOPMENT_TEAM[sdk=iphoneos*]" = N7QW85QF8V;
				ENABLE_PREVIEWS = YES;
				GENERATE_INFOPLIST_FILE = YES;
				INFOPLIST_FILE = PsiquesAndMore/Info.plist;
				INFOPLIST_KEY_UIApplicationSceneManifest_Generation = YES;
				INFOPLIST_KEY_UIApplicationSupportsIndirectInputEvents = YES;
				INFOPLIST_KEY_UILaunchScreen_Generation = YES;
				INFOPLIST_KEY_UISupportedInterfaceOrientations = "UIInterfaceOrientationLandscapeLeft UIInterfaceOrientationLandscapeRight";
				INFOPLIST_KEY_UISupportedInterfaceOrientations_iPad = "UIInterfaceOrientationLandscapeLeft UIInterfaceOrientationLandscapeRight UIInterfaceOrientationPortrait UIInterfaceOrientationPortraitUpsideDown";
				LD_RUNPATH_SEARCH_PATHS = (
					"$(inherited)",
					"@executable_path/Frameworks",
				);
				MARKETING_VERSION = 1.0;
				PRODUCT_BUNDLE_IDENTIFIER = Alslemos.PsiquesAndMore;
				PRODUCT_NAME = "$(TARGET_NAME)";
				PROVISIONING_PROFILE_SPECIFIER = "";
				"PROVISIONING_PROFILE_SPECIFIER[sdk=iphoneos*]" = PsiquesAndMoreProfile;
				SUPPORTED_PLATFORMS = "iphoneos iphonesimulator";
				SUPPORTS_MACCATALYST = NO;
				SUPPORTS_MAC_DESIGNED_FOR_IPHONE_IPAD = NO;
				SWIFT_EMIT_LOC_STRINGS = YES;
				SWIFT_VERSION = 5.0;
				TARGETED_DEVICE_FAMILY = "1,2";
			};
			name = Release;
		};
/* End XCBuildConfiguration section */

/* Begin XCConfigurationList section */
		E7D1192E2ADE077C00ECA9BE /* Build configuration list for PBXProject "PsiquesAndMore" */ = {
			isa = XCConfigurationList;
			buildConfigurations = (
				E7D1193F2ADE077E00ECA9BE /* Debug */,
				E7D119402ADE077E00ECA9BE /* Release */,
			);
			defaultConfigurationIsVisible = 0;
			defaultConfigurationName = Release;
		};
		E7D119412ADE077E00ECA9BE /* Build configuration list for PBXNativeTarget "PsiquesAndMore" */ = {
			isa = XCConfigurationList;
			buildConfigurations = (
				E7D119422ADE077E00ECA9BE /* Debug */,
				E7D119432ADE077E00ECA9BE /* Release */,
			);
			defaultConfigurationIsVisible = 0;
			defaultConfigurationName = Release;
		};
/* End XCConfigurationList section */
	};
	rootObject = E7D1192B2ADE077C00ECA9BE /* Project object */;
}
