// !$*UTF8*$!
{
	archiveVersion = 1;
	classes = {
	};
	objectVersion = 56;
	objects = {

/* Begin PBXBuildFile section */
		6873C6EB2AE951F7000EB30A /* GameKitTestApp.swift in Sources */ = {isa = PBXBuildFile; fileRef = 6873C6EA2AE951F7000EB30A /* GameKitTestApp.swift */; };
		6873C6ED2AE951F7000EB30A /* ContentView.swift in Sources */ = {isa = PBXBuildFile; fileRef = 6873C6EC2AE951F7000EB30A /* ContentView.swift */; };
		6873C6EF2AE951F7000EB30A /* Assets.xcassets in Resources */ = {isa = PBXBuildFile; fileRef = 6873C6EE2AE951F7000EB30A /* Assets.xcassets */; };
		6873C6F22AE951F7000EB30A /* Preview Assets.xcassets in Resources */ = {isa = PBXBuildFile; fileRef = 6873C6F12AE951F7000EB30A /* Preview Assets.xcassets */; };
		6873C6FA2AE95311000EB30A /* GameCenterHelper.swift in Sources */ = {isa = PBXBuildFile; fileRef = 6873C6F92AE95311000EB30A /* GameCenterHelper.swift */; };
		6873C6FE2AE9574A000EB30A /* MatchManager.swift in Sources */ = {isa = PBXBuildFile; fileRef = 6873C6FD2AE9574A000EB30A /* MatchManager.swift */; };
		68A8465C2AE98538002D7C49 /* Misc.swift in Sources */ = {isa = PBXBuildFile; fileRef = 68A8465B2AE98538002D7C49 /* Misc.swift */; };
		68A846602AE990BE002D7C49 /* GameModel.swift in Sources */ = {isa = PBXBuildFile; fileRef = 68A8465F2AE990BE002D7C49 /* GameModel.swift */; };
		68A846622AE990E7002D7C49 /* Player.swift in Sources */ = {isa = PBXBuildFile; fileRef = 68A846612AE990E7002D7C49 /* Player.swift */; };
		68A846642AE99316002D7C49 /* GameScene.swift in Sources */ = {isa = PBXBuildFile; fileRef = 68A846632AE99316002D7C49 /* GameScene.swift */; };
		68E6A4462AEABAD50052775A /* MenuView.swift in Sources */ = {isa = PBXBuildFile; fileRef = 68E6A4452AEABAD50052775A /* MenuView.swift */; };
/* End PBXBuildFile section */

/* Begin PBXFileReference section */
		6873C6E72AE951F7000EB30A /* GameKitTest.app */ = {isa = PBXFileReference; explicitFileType = wrapper.application; includeInIndex = 0; path = GameKitTest.app; sourceTree = BUILT_PRODUCTS_DIR; };
		6873C6EA2AE951F7000EB30A /* GameKitTestApp.swift */ = {isa = PBXFileReference; lastKnownFileType = sourcecode.swift; path = GameKitTestApp.swift; sourceTree = "<group>"; };
		6873C6EC2AE951F7000EB30A /* ContentView.swift */ = {isa = PBXFileReference; lastKnownFileType = sourcecode.swift; path = ContentView.swift; sourceTree = "<group>"; };
		6873C6EE2AE951F7000EB30A /* Assets.xcassets */ = {isa = PBXFileReference; lastKnownFileType = folder.assetcatalog; path = Assets.xcassets; sourceTree = "<group>"; };
		6873C6F12AE951F7000EB30A /* Preview Assets.xcassets */ = {isa = PBXFileReference; lastKnownFileType = folder.assetcatalog; path = "Preview Assets.xcassets"; sourceTree = "<group>"; };
		6873C6F82AE95217000EB30A /* GameKitTest.entitlements */ = {isa = PBXFileReference; lastKnownFileType = text.plist.entitlements; path = GameKitTest.entitlements; sourceTree = "<group>"; };
		6873C6F92AE95311000EB30A /* GameCenterHelper.swift */ = {isa = PBXFileReference; lastKnownFileType = sourcecode.swift; path = GameCenterHelper.swift; sourceTree = "<group>"; };
		6873C6FD2AE9574A000EB30A /* MatchManager.swift */ = {isa = PBXFileReference; lastKnownFileType = sourcecode.swift; path = MatchManager.swift; sourceTree = "<group>"; };
		68A8465B2AE98538002D7C49 /* Misc.swift */ = {isa = PBXFileReference; lastKnownFileType = sourcecode.swift; path = Misc.swift; sourceTree = "<group>"; };
		68A8465F2AE990BE002D7C49 /* GameModel.swift */ = {isa = PBXFileReference; lastKnownFileType = sourcecode.swift; path = GameModel.swift; sourceTree = "<group>"; };
		68A846612AE990E7002D7C49 /* Player.swift */ = {isa = PBXFileReference; lastKnownFileType = sourcecode.swift; path = Player.swift; sourceTree = "<group>"; };
		68A846632AE99316002D7C49 /* GameScene.swift */ = {isa = PBXFileReference; lastKnownFileType = sourcecode.swift; path = GameScene.swift; sourceTree = "<group>"; };
		68E6A4452AEABAD50052775A /* MenuView.swift */ = {isa = PBXFileReference; lastKnownFileType = sourcecode.swift; path = MenuView.swift; sourceTree = "<group>"; };
/* End PBXFileReference section */

/* Begin PBXFrameworksBuildPhase section */
		6873C6E42AE951F7000EB30A /* Frameworks */ = {
			isa = PBXFrameworksBuildPhase;
			buildActionMask = 2147483647;
			files = (
			);
			runOnlyForDeploymentPostprocessing = 0;
		};
/* End PBXFrameworksBuildPhase section */

/* Begin PBXGroup section */
		6873C6DE2AE951F7000EB30A = {
			isa = PBXGroup;
			children = (
				6873C6E92AE951F7000EB30A /* GameKitTest */,
				6873C6E82AE951F7000EB30A /* Products */,
			);
			sourceTree = "<group>";
		};
		6873C6E82AE951F7000EB30A /* Products */ = {
			isa = PBXGroup;
			children = (
				6873C6E72AE951F7000EB30A /* GameKitTest.app */,
			);
			name = Products;
			sourceTree = "<group>";
		};
		6873C6E92AE951F7000EB30A /* GameKitTest */ = {
			isa = PBXGroup;
			children = (
				6873C6F82AE95217000EB30A /* GameKitTest.entitlements */,
				6873C6EA2AE951F7000EB30A /* GameKitTestApp.swift */,
				6873C6EC2AE951F7000EB30A /* ContentView.swift */,
				68E6A4452AEABAD50052775A /* MenuView.swift */,
				6873C6FD2AE9574A000EB30A /* MatchManager.swift */,
				68A8465F2AE990BE002D7C49 /* GameModel.swift */,
				68A846632AE99316002D7C49 /* GameScene.swift */,
				68A846612AE990E7002D7C49 /* Player.swift */,
				6873C6F92AE95311000EB30A /* GameCenterHelper.swift */,
				68A8465B2AE98538002D7C49 /* Misc.swift */,
				6873C6EE2AE951F7000EB30A /* Assets.xcassets */,
				6873C6F02AE951F7000EB30A /* Preview Content */,
			);
			path = GameKitTest;
			sourceTree = "<group>";
		};
		6873C6F02AE951F7000EB30A /* Preview Content */ = {
			isa = PBXGroup;
			children = (
				6873C6F12AE951F7000EB30A /* Preview Assets.xcassets */,
			);
			path = "Preview Content";
			sourceTree = "<group>";
		};
/* End PBXGroup section */

/* Begin PBXNativeTarget section */
		6873C6E62AE951F7000EB30A /* GameKitTest */ = {
			isa = PBXNativeTarget;
			buildConfigurationList = 6873C6F52AE951F7000EB30A /* Build configuration list for PBXNativeTarget "GameKitTest" */;
			buildPhases = (
				6873C6E32AE951F7000EB30A /* Sources */,
				6873C6E42AE951F7000EB30A /* Frameworks */,
				6873C6E52AE951F7000EB30A /* Resources */,
			);
			buildRules = (
			);
			dependencies = (
			);
			name = GameKitTest;
			productName = GameKitTest;
			productReference = 6873C6E72AE951F7000EB30A /* GameKitTest.app */;
			productType = "com.apple.product-type.application";
		};
/* End PBXNativeTarget section */

/* Begin PBXProject section */
		6873C6DF2AE951F7000EB30A /* Project object */ = {
			isa = PBXProject;
			attributes = {
				BuildIndependentTargetsInParallel = 1;
				LastSwiftUpdateCheck = 1500;
				LastUpgradeCheck = 1500;
				TargetAttributes = {
					6873C6E62AE951F7000EB30A = {
						CreatedOnToolsVersion = 15.0.1;
					};
				};
			};
			buildConfigurationList = 6873C6E22AE951F7000EB30A /* Build configuration list for PBXProject "GameKitTest" */;
			compatibilityVersion = "Xcode 14.0";
			developmentRegion = en;
			hasScannedForEncodings = 0;
			knownRegions = (
				en,
				Base,
			);
			mainGroup = 6873C6DE2AE951F7000EB30A;
			productRefGroup = 6873C6E82AE951F7000EB30A /* Products */;
			projectDirPath = "";
			projectRoot = "";
			targets = (
				6873C6E62AE951F7000EB30A /* GameKitTest */,
			);
		};
/* End PBXProject section */

/* Begin PBXResourcesBuildPhase section */
		6873C6E52AE951F7000EB30A /* Resources */ = {
			isa = PBXResourcesBuildPhase;
			buildActionMask = 2147483647;
			files = (
				6873C6F22AE951F7000EB30A /* Preview Assets.xcassets in Resources */,
				6873C6EF2AE951F7000EB30A /* Assets.xcassets in Resources */,
			);
			runOnlyForDeploymentPostprocessing = 0;
		};
/* End PBXResourcesBuildPhase section */

/* Begin PBXSourcesBuildPhase section */
		6873C6E32AE951F7000EB30A /* Sources */ = {
			isa = PBXSourcesBuildPhase;
			buildActionMask = 2147483647;
			files = (
				6873C6FA2AE95311000EB30A /* GameCenterHelper.swift in Sources */,
				6873C6ED2AE951F7000EB30A /* ContentView.swift in Sources */,
				6873C6EB2AE951F7000EB30A /* GameKitTestApp.swift in Sources */,
				68A846642AE99316002D7C49 /* GameScene.swift in Sources */,
				68E6A4462AEABAD50052775A /* MenuView.swift in Sources */,
				68A846622AE990E7002D7C49 /* Player.swift in Sources */,
				68A8465C2AE98538002D7C49 /* Misc.swift in Sources */,
				68A846602AE990BE002D7C49 /* GameModel.swift in Sources */,
				6873C6FE2AE9574A000EB30A /* MatchManager.swift in Sources */,
			);
			runOnlyForDeploymentPostprocessing = 0;
		};
/* End PBXSourcesBuildPhase section */

/* Begin XCBuildConfiguration section */
		6873C6F32AE951F7000EB30A /* Debug */ = {
			isa = XCBuildConfiguration;
			buildSettings = {
				ALWAYS_SEARCH_USER_PATHS = NO;
				ASSETCATALOG_COMPILER_GENERATE_SWIFT_ASSET_SYMBOL_EXTENSIONS = YES;
				CLANG_ANALYZER_NONNULL = YES;
				CLANG_ANALYZER_NUMBER_OBJECT_CONVERSION = YES_AGGRESSIVE;
				CLANG_CXX_LANGUAGE_STANDARD = "gnu++20";
				CLANG_ENABLE_MODULES = YES;
				CLANG_ENABLE_OBJC_ARC = YES;
				CLANG_ENABLE_OBJC_WEAK = YES;
				CLANG_WARN_BLOCK_CAPTURE_AUTORELEASING = YES;
				CLANG_WARN_BOOL_CONVERSION = YES;
				CLANG_WARN_COMMA = YES;
				CLANG_WARN_CONSTANT_CONVERSION = YES;
				CLANG_WARN_DEPRECATED_OBJC_IMPLEMENTATIONS = YES;
				CLANG_WARN_DIRECT_OBJC_ISA_USAGE = YES_ERROR;
				CLANG_WARN_DOCUMENTATION_COMMENTS = YES;
				CLANG_WARN_EMPTY_BODY = YES;
				CLANG_WARN_ENUM_CONVERSION = YES;
				CLANG_WARN_INFINITE_RECURSION = YES;
				CLANG_WARN_INT_CONVERSION = YES;
				CLANG_WARN_NON_LITERAL_NULL_CONVERSION = YES;
				CLANG_WARN_OBJC_IMPLICIT_RETAIN_SELF = YES;
				CLANG_WARN_OBJC_LITERAL_CONVERSION = YES;
				CLANG_WARN_OBJC_ROOT_CLASS = YES_ERROR;
				CLANG_WARN_QUOTED_INCLUDE_IN_FRAMEWORK_HEADER = YES;
				CLANG_WARN_RANGE_LOOP_ANALYSIS = YES;
				CLANG_WARN_STRICT_PROTOTYPES = YES;
				CLANG_WARN_SUSPICIOUS_MOVE = YES;
				CLANG_WARN_UNGUARDED_AVAILABILITY = YES_AGGRESSIVE;
				CLANG_WARN_UNREACHABLE_CODE = YES;
				CLANG_WARN__DUPLICATE_METHOD_MATCH = YES;
				COPY_PHASE_STRIP = NO;
				DEBUG_INFORMATION_FORMAT = dwarf;
				ENABLE_STRICT_OBJC_MSGSEND = YES;
				ENABLE_TESTABILITY = YES;
				ENABLE_USER_SCRIPT_SANDBOXING = YES;
				GCC_C_LANGUAGE_STANDARD = gnu17;
				GCC_DYNAMIC_NO_PIC = NO;
				GCC_NO_COMMON_BLOCKS = YES;
				GCC_OPTIMIZATION_LEVEL = 0;
				GCC_PREPROCESSOR_DEFINITIONS = (
					"DEBUG=1",
					"$(inherited)",
				);
				GCC_WARN_64_TO_32_BIT_CONVERSION = YES;
				GCC_WARN_ABOUT_RETURN_TYPE = YES_ERROR;
				GCC_WARN_UNDECLARED_SELECTOR = YES;
				GCC_WARN_UNINITIALIZED_AUTOS = YES_AGGRESSIVE;
				GCC_WARN_UNUSED_FUNCTION = YES;
				GCC_WARN_UNUSED_VARIABLE = YES;
				IPHONEOS_DEPLOYMENT_TARGET = 17.0;
				LOCALIZATION_PREFERS_STRING_CATALOGS = YES;
				MTL_ENABLE_DEBUG_INFO = INCLUDE_SOURCE;
				MTL_FAST_MATH = YES;
				ONLY_ACTIVE_ARCH = YES;
				SDKROOT = iphoneos;
				SWIFT_ACTIVE_COMPILATION_CONDITIONS = "DEBUG $(inherited)";
				SWIFT_OPTIMIZATION_LEVEL = "-Onone";
			};
			name = Debug;
		};
		6873C6F42AE951F7000EB30A /* Release */ = {
			isa = XCBuildConfiguration;
			buildSettings = {
				ALWAYS_SEARCH_USER_PATHS = NO;
				ASSETCATALOG_COMPILER_GENERATE_SWIFT_ASSET_SYMBOL_EXTENSIONS = YES;
				CLANG_ANALYZER_NONNULL = YES;
				CLANG_ANALYZER_NUMBER_OBJECT_CONVERSION = YES_AGGRESSIVE;
				CLANG_CXX_LANGUAGE_STANDARD = "gnu++20";
				CLANG_ENABLE_MODULES = YES;
				CLANG_ENABLE_OBJC_ARC = YES;
				CLANG_ENABLE_OBJC_WEAK = YES;
				CLANG_WARN_BLOCK_CAPTURE_AUTORELEASING = YES;
				CLANG_WARN_BOOL_CONVERSION = YES;
				CLANG_WARN_COMMA = YES;
				CLANG_WARN_CONSTANT_CONVERSION = YES;
				CLANG_WARN_DEPRECATED_OBJC_IMPLEMENTATIONS = YES;
				CLANG_WARN_DIRECT_OBJC_ISA_USAGE = YES_ERROR;
				CLANG_WARN_DOCUMENTATION_COMMENTS = YES;
				CLANG_WARN_EMPTY_BODY = YES;
				CLANG_WARN_ENUM_CONVERSION = YES;
				CLANG_WARN_INFINITE_RECURSION = YES;
				CLANG_WARN_INT_CONVERSION = YES;
				CLANG_WARN_NON_LITERAL_NULL_CONVERSION = YES;
				CLANG_WARN_OBJC_IMPLICIT_RETAIN_SELF = YES;
				CLANG_WARN_OBJC_LITERAL_CONVERSION = YES;
				CLANG_WARN_OBJC_ROOT_CLASS = YES_ERROR;
				CLANG_WARN_QUOTED_INCLUDE_IN_FRAMEWORK_HEADER = YES;
				CLANG_WARN_RANGE_LOOP_ANALYSIS = YES;
				CLANG_WARN_STRICT_PROTOTYPES = YES;
				CLANG_WARN_SUSPICIOUS_MOVE = YES;
				CLANG_WARN_UNGUARDED_AVAILABILITY = YES_AGGRESSIVE;
				CLANG_WARN_UNREACHABLE_CODE = YES;
				CLANG_WARN__DUPLICATE_METHOD_MATCH = YES;
				COPY_PHASE_STRIP = NO;
				DEBUG_INFORMATION_FORMAT = "dwarf-with-dsym";
				ENABLE_NS_ASSERTIONS = NO;
				ENABLE_STRICT_OBJC_MSGSEND = YES;
				ENABLE_USER_SCRIPT_SANDBOXING = YES;
				GCC_C_LANGUAGE_STANDARD = gnu17;
				GCC_NO_COMMON_BLOCKS = YES;
				GCC_WARN_64_TO_32_BIT_CONVERSION = YES;
				GCC_WARN_ABOUT_RETURN_TYPE = YES_ERROR;
				GCC_WARN_UNDECLARED_SELECTOR = YES;
				GCC_WARN_UNINITIALIZED_AUTOS = YES_AGGRESSIVE;
				GCC_WARN_UNUSED_FUNCTION = YES;
				GCC_WARN_UNUSED_VARIABLE = YES;
				IPHONEOS_DEPLOYMENT_TARGET = 17.0;
				LOCALIZATION_PREFERS_STRING_CATALOGS = YES;
				MTL_ENABLE_DEBUG_INFO = NO;
				MTL_FAST_MATH = YES;
				SDKROOT = iphoneos;
				SWIFT_COMPILATION_MODE = wholemodule;
				VALIDATE_PRODUCT = YES;
			};
			name = Release;
		};
		6873C6F62AE951F7000EB30A /* Debug */ = {
			isa = XCBuildConfiguration;
			buildSettings = {
				ASSETCATALOG_COMPILER_APPICON_NAME = AppIcon;
				ASSETCATALOG_COMPILER_GLOBAL_ACCENT_COLOR_NAME = AccentColor;
				CODE_SIGN_ENTITLEMENTS = GameKitTest/GameKitTest.entitlements;
				CODE_SIGN_STYLE = Automatic;
				CURRENT_PROJECT_VERSION = 1;
				DEVELOPMENT_ASSET_PATHS = "\"GameKitTest/Preview Content\"";
				DEVELOPMENT_TEAM = N7QW85QF8V;
				ENABLE_PREVIEWS = YES;
				GENERATE_INFOPLIST_FILE = YES;
				INFOPLIST_KEY_UIApplicationSceneManifest_Generation = YES;
				INFOPLIST_KEY_UIApplicationSupportsIndirectInputEvents = YES;
				INFOPLIST_KEY_UILaunchScreen_Generation = YES;
				INFOPLIST_KEY_UISupportedInterfaceOrientations_iPad = "UIInterfaceOrientationPortrait UIInterfaceOrientationPortraitUpsideDown UIInterfaceOrientationLandscapeLeft UIInterfaceOrientationLandscapeRight";
				INFOPLIST_KEY_UISupportedInterfaceOrientations_iPhone = "UIInterfaceOrientationPortrait UIInterfaceOrientationLandscapeLeft UIInterfaceOrientationLandscapeRight";
				LD_RUNPATH_SEARCH_PATHS = (
					"$(inherited)",
					"@executable_path/Frameworks",
				);
				MARKETING_VERSION = 1.0;
				PRODUCT_BUNDLE_IDENTIFIER = com.arthursobrosa.GameKitTest;
				PRODUCT_NAME = "$(TARGET_NAME)";
				SWIFT_EMIT_LOC_STRINGS = YES;
				SWIFT_VERSION = 5.0;
				TARGETED_DEVICE_FAMILY = "1,2";
			};
			name = Debug;
		};
		6873C6F72AE951F7000EB30A /* Release */ = {
			isa = XCBuildConfiguration;
			buildSettings = {
				ASSETCATALOG_COMPILER_APPICON_NAME = AppIcon;
				ASSETCATALOG_COMPILER_GLOBAL_ACCENT_COLOR_NAME = AccentColor;
				CODE_SIGN_ENTITLEMENTS = GameKitTest/GameKitTest.entitlements;
				CODE_SIGN_STYLE = Automatic;
				CURRENT_PROJECT_VERSION = 1;
				DEVELOPMENT_ASSET_PATHS = "\"GameKitTest/Preview Content\"";
				DEVELOPMENT_TEAM = N7QW85QF8V;
				ENABLE_PREVIEWS = YES;
				GENERATE_INFOPLIST_FILE = YES;
				INFOPLIST_KEY_UIApplicationSceneManifest_Generation = YES;
				INFOPLIST_KEY_UIApplicationSupportsIndirectInputEvents = YES;
				INFOPLIST_KEY_UILaunchScreen_Generation = YES;
				INFOPLIST_KEY_UISupportedInterfaceOrientations_iPad = "UIInterfaceOrientationPortrait UIInterfaceOrientationPortraitUpsideDown UIInterfaceOrientationLandscapeLeft UIInterfaceOrientationLandscapeRight";
				INFOPLIST_KEY_UISupportedInterfaceOrientations_iPhone = "UIInterfaceOrientationPortrait UIInterfaceOrientationLandscapeLeft UIInterfaceOrientationLandscapeRight";
				LD_RUNPATH_SEARCH_PATHS = (
					"$(inherited)",
					"@executable_path/Frameworks",
				);
				MARKETING_VERSION = 1.0;
				PRODUCT_BUNDLE_IDENTIFIER = com.arthursobrosa.GameKitTest;
				PRODUCT_NAME = "$(TARGET_NAME)";
				SWIFT_EMIT_LOC_STRINGS = YES;
				SWIFT_VERSION = 5.0;
				TARGETED_DEVICE_FAMILY = "1,2";
			};
			name = Release;
		};
/* End XCBuildConfiguration section */

/* Begin XCConfigurationList section */
		6873C6E22AE951F7000EB30A /* Build configuration list for PBXProject "GameKitTest" */ = {
			isa = XCConfigurationList;
			buildConfigurations = (
				6873C6F32AE951F7000EB30A /* Debug */,
				6873C6F42AE951F7000EB30A /* Release */,
			);
			defaultConfigurationIsVisible = 0;
			defaultConfigurationName = Release;
		};
		6873C6F52AE951F7000EB30A /* Build configuration list for PBXNativeTarget "GameKitTest" */ = {
			isa = XCConfigurationList;
			buildConfigurations = (
				6873C6F62AE951F7000EB30A /* Debug */,
				6873C6F72AE951F7000EB30A /* Release */,
			);
			defaultConfigurationIsVisible = 0;
			defaultConfigurationName = Release;
		};
/* End XCConfigurationList section */
	};
	rootObject = 6873C6DF2AE951F7000EB30A /* Project object */;
}
